
Microsoft Visual Studio Solution File, Format Version 12.00
# Visual Studio 15
VisualStudioVersion = 15.0.28307.329
MinimumVisualStudioVersion = 10.0.40219.1
Project("{FAE04EC0-301F-11D3-BF4B-00C04F79EFBC}") = "litclassic", "litclassic\litclassic.csproj", "{560F015B-873E-4219-9425-E1B04A5412FE}"
EndProject
Global
	GlobalSection(SolutionConfigurationPlatforms) = preSolution
		Debug|Any CPU = Debug|Any CPU
		Release|Any CPU = Release|Any CPU
	EndGlobalSection
	GlobalSection(ProjectConfigurationPlatforms) = postSolution
		{560F015B-873E-4219-9425-E1B04A5412FE}.Debug|Any CPU.ActiveCfg = Debug|Any CPU
		{560F015B-873E-4219-9425-E1B04A5412FE}.Debug|Any CPU.Build.0 = Debug|Any CPU
		{560F015B-873E-4219-9425-E1B04A5412FE}.Release|Any CPU.ActiveCfg = Release|Any CPU
		{560F015B-873E-4219-9425-E1B04A5412FE}.Release|Any CPU.Build.0 = Release|Any CPU
	EndGlobalSection
	GlobalSection(SolutionProperties) = preSolution
		HideSolutionNode = FALSE
	EndGlobalSection
	GlobalSection(ExtensibilityGlobals) = postSolution
		SolutionGuid = {8C0FB331-9390-4D81-AE97-7BC2A94C3384}
	EndGlobalSection
EndGlobal
